
Microsoft Visual Studio Solution File, Format Version 12.00
# Visual Studio Version 16
VisualStudioVersion = 16.0.30523.141
MinimumVisualStudioVersion = 10.0.40219.1
Project("{FAE04EC0-301F-11D3-BF4B-00C04F79EFBC}") = "SeaBattleGame", "SeaBattleGame\SeaBattleGame.csproj", "{CF6D036D-B81D-4721-8262-3943C6C0C0DD}"
EndProject
Global
	GlobalSection(SolutionConfigurationPlatforms) = preSolution
		Debug|Any CPU = Debug|Any CPU
		Release|Any CPU = Release|Any CPU
	EndGlobalSection
	GlobalSection(ProjectConfigurationPlatforms) = postSolution
		{CF6D036D-B81D-4721-8262-3943C6C0C0DD}.Debug|Any CPU.ActiveCfg = Debug|Any CPU
		{CF6D036D-B81D-4721-8262-3943C6C0C0DD}.Debug|Any CPU.Build.0 = Debug|Any CPU
		{CF6D036D-B81D-4721-8262-3943C6C0C0DD}.Release|Any CPU.ActiveCfg = Release|Any CPU
		{CF6D036D-B81D-4721-8262-3943C6C0C0DD}.Release|Any CPU.Build.0 = Release|Any CPU
	EndGlobalSection
	GlobalSection(SolutionProperties) = preSolution
		HideSolutionNode = FALSE
	EndGlobalSection
	GlobalSection(ExtensibilityGlobals) = postSolution
		SolutionGuid = {DABF74AA-2AB3-4F05-9343-18A1A8DCA83F}
	EndGlobalSection
EndGlobal
